
Microsoft Visual Studio Solution File, Format Version 12.00
Project("{FAE04EC0-301F-11D3-BF4B-00C04F79EFBC}") = "Tutorial_03", "Tutorial_03\Tutorial_03.csproj", "{413A12DE-A05B-44CE-A304-43CDC392BAB8}"
EndProject
Global
	GlobalSection(SolutionConfigurationPlatforms) = preSolution
		Debug|Any CPU = Debug|Any CPU
		Release|Any CPU = Release|Any CPU
	EndGlobalSection
	GlobalSection(ProjectConfigurationPlatforms) = postSolution
		{413A12DE-A05B-44CE-A304-43CDC392BAB8}.Debug|Any CPU.ActiveCfg = Debug|Any CPU
		{413A12DE-A05B-44CE-A304-43CDC392BAB8}.Debug|Any CPU.Build.0 = Debug|Any CPU
		{413A12DE-A05B-44CE-A304-43CDC392BAB8}.Release|Any CPU.ActiveCfg = Release|Any CPU
		{413A12DE-A05B-44CE-A304-43CDC392BAB8}.Release|Any CPU.Build.0 = Release|Any CPU
	EndGlobalSection
EndGlobal
